
Microsoft Visual Studio Solution File, Format Version 12.00
# Visual Studio Version 17
VisualStudioVersion = 17.14.36221.1 d17.14
MinimumVisualStudioVersion = 10.0.40219.1
Project("{FAE04EC0-301F-11D3-BF4B-00C04F79EFBC}") = "FiltrarNumerosPares", "FiltrarNumerosPares\FiltrarNumerosPares.csproj", "{3D043500-C6E0-4EB0-8578-DAC4731299DA}"
EndProject
Global
	GlobalSection(SolutionConfigurationPlatforms) = preSolution
		Debug|Any CPU = Debug|Any CPU
		Release|Any CPU = Release|Any CPU
	EndGlobalSection
	GlobalSection(ProjectConfigurationPlatforms) = postSolution
		{3D043500-C6E0-4EB0-8578-DAC4731299DA}.Debug|Any CPU.ActiveCfg = Debug|Any CPU
		{3D043500-C6E0-4EB0-8578-DAC4731299DA}.Debug|Any CPU.Build.0 = Debug|Any CPU
		{3D043500-C6E0-4EB0-8578-DAC4731299DA}.Release|Any CPU.ActiveCfg = Release|Any CPU
		{3D043500-C6E0-4EB0-8578-DAC4731299DA}.Release|Any CPU.Build.0 = Release|Any CPU
	EndGlobalSection
	GlobalSection(SolutionProperties) = preSolution
		HideSolutionNode = FALSE
	EndGlobalSection
	GlobalSection(ExtensibilityGlobals) = postSolution
		SolutionGuid = {D15F8E84-A898-4A00-97C5-477B6CFDE0FC}
	EndGlobalSection
EndGlobal
